
Microsoft Visual Studio Solution File, Format Version 11.00
# Visual Studio 2010
Project("{8BC9CEB8-8B4A-11D0-8D11-00A0C91BC942}") = "nsisXML", "nsisXML.vcxproj", "{34D5DD98-BFDE-FA82-E762-E2565BAC85D0}"
EndProject
Global
	GlobalSection(SolutionConfigurationPlatforms) = preSolution
		Debug|Mixed Platforms = Debug|Mixed Platforms
		Debug|Win32 = Debug|Win32
		Debug|x86 = Debug|x86
		Release UNICODE|Mixed Platforms = Release UNICODE|Mixed Platforms
		Release UNICODE|Win32 = Release UNICODE|Win32
		Release UNICODE|x86 = Release UNICODE|x86
		Release|Mixed Platforms = Release|Mixed Platforms
		Release|Win32 = Release|Win32
		Release|x86 = Release|x86
	EndGlobalSection
	GlobalSection(ProjectConfigurationPlatforms) = postSolution
		{34D5DD98-BFDE-FA82-E762-E2565BAC85D0}.Debug|Mixed Platforms.ActiveCfg = Debug|Win32
		{34D5DD98-BFDE-FA82-E762-E2565BAC85D0}.Debug|Mixed Platforms.Build.0 = Debug|Win32
		{34D5DD98-BFDE-FA82-E762-E2565BAC85D0}.Debug|Win32.ActiveCfg = Debug|Win32
		{34D5DD98-BFDE-FA82-E762-E2565BAC85D0}.Debug|Win32.Build.0 = Debug|Win32
		{34D5DD98-BFDE-FA82-E762-E2565BAC85D0}.Debug|x86.ActiveCfg = Debug|Win32
		{34D5DD98-BFDE-FA82-E762-E2565BAC85D0}.Release UNICODE|Mixed Platforms.ActiveCfg = Release UNICODE|Win32
		{34D5DD98-BFDE-FA82-E762-E2565BAC85D0}.Release UNICODE|Mixed Platforms.Build.0 = Release UNICODE|Win32
		{34D5DD98-BFDE-FA82-E762-E2565BAC85D0}.Release UNICODE|Win32.ActiveCfg = Release UNICODE|Win32
		{34D5DD98-BFDE-FA82-E762-E2565BAC85D0}.Release UNICODE|Win32.Build.0 = Release UNICODE|Win32
		{34D5DD98-BFDE-FA82-E762-E2565BAC85D0}.Release UNICODE|x86.ActiveCfg = Release UNICODE|Win32
		{34D5DD98-BFDE-FA82-E762-E2565BAC85D0}.Release|Mixed Platforms.ActiveCfg = Release|Win32
		{34D5DD98-BFDE-FA82-E762-E2565BAC85D0}.Release|Mixed Platforms.Build.0 = Release|Win32
		{34D5DD98-BFDE-FA82-E762-E2565BAC85D0}.Release|Win32.ActiveCfg = Release|Win32
		{34D5DD98-BFDE-FA82-E762-E2565BAC85D0}.Release|Win32.Build.0 = Release|Win32
		{34D5DD98-BFDE-FA82-E762-E2565BAC85D0}.Release|x86.ActiveCfg = Release|Win32
	EndGlobalSection
	GlobalSection(SolutionProperties) = preSolution
		HideSolutionNode = FALSE
	EndGlobalSection
EndGlobal
